
Microsoft Visual Studio Solution File, Format Version 12.00
# Visual Studio Version 17
VisualStudioVersion = 17.1.32328.378
MinimumVisualStudioVersion = 10.0.40219.1
Project("{8BC9CEB8-8B4A-11D0-8D11-00A0C91BC942}") = "LLPeEditor", "LLPeEditor\LLPeEditor.vcxproj", "{5DA5CF8D-786C-4898-A6C6-DFFB47E845D9}"
	ProjectSection(ProjectDependencies) = postProject
		{94100F10-3854-4BCD-B0E3-7580C3362BF4} = {94100F10-3854-4BCD-B0E3-7580C3362BF4}
		{9FC74B2E-BF05-4879-B76B-11105FF74358} = {9FC74B2E-BF05-4879-B76B-11105FF74358}
		{F1841183-5E55-40D1-A013-7498264757D5} = {F1841183-5E55-40D1-A013-7498264757D5}
	EndProjectSection
EndProject
Project("{8BC9CEB8-8B4A-11D0-8D11-00A0C91BC942}") = "PortableExecutable", "PortableExecutable\PortableExecutable.vcxproj", "{F1841183-5E55-40D1-A013-7498264757D5}"
EndProject
Project("{8BC9CEB8-8B4A-11D0-8D11-00A0C91BC942}") = "RawPDB", "RawPDB\RawPDB.vcxproj", "{94100F10-3854-4BCD-B0E3-7580C3362BF4}"
EndProject
Project("{8BC9CEB8-8B4A-11D0-8D11-00A0C91BC942}") = "LibraryBuilder", "LibraryBuilder\LibraryBuilder.vcxproj", "{352F013A-B12F-4954-80B0-DC2C236522B6}"
	ProjectSection(ProjectDependencies) = postProject
		{94100F10-3854-4BCD-B0E3-7580C3362BF4} = {94100F10-3854-4BCD-B0E3-7580C3362BF4}
		{9FC74B2E-BF05-4879-B76B-11105FF74358} = {9FC74B2E-BF05-4879-B76B-11105FF74358}
		{F1841183-5E55-40D1-A013-7498264757D5} = {F1841183-5E55-40D1-A013-7498264757D5}
	EndProjectSection
EndProject
Project("{8BC9CEB8-8B4A-11D0-8D11-00A0C91BC942}") = "Demangler", "Demangler\Demangler.vcxproj", "{9FC74B2E-BF05-4879-B76B-11105FF74358}"
EndProject
Global
	GlobalSection(SolutionConfigurationPlatforms) = preSolution
		Debug|x64 = Debug|x64
		Debug|x86 = Debug|x86
		Release|x64 = Release|x64
		Release|x86 = Release|x86
	EndGlobalSection
	GlobalSection(ProjectConfigurationPlatforms) = postSolution
		{5DA5CF8D-786C-4898-A6C6-DFFB47E845D9}.Debug|x64.ActiveCfg = Debug|x64
		{5DA5CF8D-786C-4898-A6C6-DFFB47E845D9}.Debug|x64.Build.0 = Debug|x64
		{5DA5CF8D-786C-4898-A6C6-DFFB47E845D9}.Debug|x86.ActiveCfg = Debug|Win32
		{5DA5CF8D-786C-4898-A6C6-DFFB47E845D9}.Debug|x86.Build.0 = Debug|Win32
		{5DA5CF8D-786C-4898-A6C6-DFFB47E845D9}.Release|x64.ActiveCfg = Release|x64
		{5DA5CF8D-786C-4898-A6C6-DFFB47E845D9}.Release|x64.Build.0 = Release|x64
		{5DA5CF8D-786C-4898-A6C6-DFFB47E845D9}.Release|x86.ActiveCfg = Release|Win32
		{5DA5CF8D-786C-4898-A6C6-DFFB47E845D9}.Release|x86.Build.0 = Release|Win32
		{F1841183-5E55-40D1-A013-7498264757D5}.Debug|x64.ActiveCfg = Debug|x64
		{F1841183-5E55-40D1-A013-7498264757D5}.Debug|x64.Build.0 = Debug|x64
		{F1841183-5E55-40D1-A013-7498264757D5}.Debug|x86.ActiveCfg = Debug|Win32
		{F1841183-5E55-40D1-A013-7498264757D5}.Debug|x86.Build.0 = Debug|Win32
		{F1841183-5E55-40D1-A013-7498264757D5}.Release|x64.ActiveCfg = Release|x64
		{F1841183-5E55-40D1-A013-7498264757D5}.Release|x64.Build.0 = Release|x64
		{F1841183-5E55-40D1-A013-7498264757D5}.Release|x86.ActiveCfg = Release|Win32
		{F1841183-5E55-40D1-A013-7498264757D5}.Release|x86.Build.0 = Release|Win32
		{94100F10-3854-4BCD-B0E3-7580C3362BF4}.Debug|x64.ActiveCfg = Debug|x64
		{94100F10-3854-4BCD-B0E3-7580C3362BF4}.Debug|x64.Build.0 = Debug|x64
		{94100F10-3854-4BCD-B0E3-7580C3362BF4}.Debug|x86.ActiveCfg = Debug|Win32
		{94100F10-3854-4BCD-B0E3-7580C3362BF4}.Debug|x86.Build.0 = Debug|Win32
		{94100F10-3854-4BCD-B0E3-7580C3362BF4}.Release|x64.ActiveCfg = Release|x64
		{94100F10-3854-4BCD-B0E3-7580C3362BF4}.Release|x64.Build.0 = Release|x64
		{94100F10-3854-4BCD-B0E3-7580C3362BF4}.Release|x86.ActiveCfg = Release|Win32
		{94100F10-3854-4BCD-B0E3-7580C3362BF4}.Release|x86.Build.0 = Release|Win32
		{352F013A-B12F-4954-80B0-DC2C236522B6}.Debug|x64.ActiveCfg = Debug|x64
		{352F013A-B12F-4954-80B0-DC2C236522B6}.Debug|x64.Build.0 = Debug|x64
		{352F013A-B12F-4954-80B0-DC2C236522B6}.Debug|x86.ActiveCfg = Debug|Win32
		{352F013A-B12F-4954-80B0-DC2C236522B6}.Debug|x86.Build.0 = Debug|Win32
		{352F013A-B12F-4954-80B0-DC2C236522B6}.Release|x64.ActiveCfg = Release|x64
		{352F013A-B12F-4954-80B0-DC2C236522B6}.Release|x64.Build.0 = Release|x64
		{352F013A-B12F-4954-80B0-DC2C236522B6}.Release|x86.ActiveCfg = Release|Win32
		{352F013A-B12F-4954-80B0-DC2C236522B6}.Release|x86.Build.0 = Release|Win32
		{9FC74B2E-BF05-4879-B76B-11105FF74358}.Debug|x64.ActiveCfg = Release|x64
		{9FC74B2E-BF05-4879-B76B-11105FF74358}.Debug|x64.Build.0 = Release|x64
		{9FC74B2E-BF05-4879-B76B-11105FF74358}.Debug|x86.ActiveCfg = Release|Win32
		{9FC74B2E-BF05-4879-B76B-11105FF74358}.Debug|x86.Build.0 = Release|Win32
		{9FC74B2E-BF05-4879-B76B-11105FF74358}.Release|x64.ActiveCfg = Release|x64
		{9FC74B2E-BF05-4879-B76B-11105FF74358}.Release|x64.Build.0 = Release|x64
		{9FC74B2E-BF05-4879-B76B-11105FF74358}.Release|x86.ActiveCfg = Release|Win32
		{9FC74B2E-BF05-4879-B76B-11105FF74358}.Release|x86.Build.0 = Release|Win32
	EndGlobalSection
	GlobalSection(SolutionProperties) = preSolution
		HideSolutionNode = FALSE
	EndGlobalSection
	GlobalSection(ExtensibilityGlobals) = postSolution
		SolutionGuid = {DC88EF77-17DD-4604-8EA9-B4D7B327F1BF}
	EndGlobalSection
EndGlobal
