{
    __meta__ = {
        version = "1.0"
    },
    ["windows|x64"] = {
        ["cmake#31fecfc4"] = {
            repo = {
                branch = "master",
                commit = "ce583d1736cf4ea43cc0c137e0d45671a446dc4a",
                url = "https://github.com/xmake-io/xmake-repo.git"
            },
            version = "3.23.1"
        },
        ["ctre#31fecfc4"] = {
            repo = {
                branch = "master",
                commit = "fa285a31269c7a407167ff2942d1e1da5b4bbd81",
                url = "https://github.com/xmake-io/xmake-repo.git"
            },
            version = "3.4.1"
        },
        ["cxxopts#31fecfc4"] = {
            repo = {
                branch = "master",
                commit = "ce583d1736cf4ea43cc0c137e0d45671a446dc4a",
                url = "https://github.com/xmake-io/xmake-repo.git"
            },
            version = "v3.0.0"
        },
        ["demangler#31fecfc4"] = {
            repo = {
                commit = "056b609c01e7e36436c4029f600cf8131b9c6954",
                url = "https://github.com/LiteLDev/xmake-repo.git"
            },
            version = "v2.0.0"
        },
        ["fmt#31fecfc4"] = {
            repo = {
                branch = "master",
                commit = "fa285a31269c7a407167ff2942d1e1da5b4bbd81",
                url = "https://github.com/xmake-io/xmake-repo.git"
            },
            version = "9.1.0"
        },
        ["llvm-prebuilt 18.1.1#31fecfc4"] = {
            repo = {
                commit = "aebe837394493aceb38adc0858e59bbdf21d9ff0",
                url = "https://github.com/LiteLDev/xmake-repo.git"
            },
            version = "18.1.1"
        },
        ["pe_bliss#31fecfc4"] = {
            repo = {
                commit = "aebe837394493aceb38adc0858e59bbdf21d9ff0",
                url = "https://github.com/LiteLDev/xmake-repo.git"
            },
            version = "v1.0.0"
        },
        ["raw_pdb#31fecfc4"] = {
            repo = {
                branch = "master",
                commit = "ce583d1736cf4ea43cc0c137e0d45671a446dc4a",
                url = "https://github.com/xmake-io/xmake-repo.git"
            },
            version = "2022.10.17"
        },
        ["spdlog#31fecfc4"] = {
            repo = {
                branch = "master",
                commit = "ce583d1736cf4ea43cc0c137e0d45671a446dc4a",
                url = "https://github.com/xmake-io/xmake-repo.git"
            },
            version = "v1.11.0"
        }
    }
}